
Microsoft Visual Studio Solution File, Format Version 12.00
# Visual Studio Version 17
VisualStudioVersion = 17.1.32328.378
MinimumVisualStudioVersion = 10.0.40219.1
Project("{FAE04EC0-301F-11D3-BF4B-00C04F79EFBC}") = "Business", "Business\Business.csproj", "{E7E30EB1-98EF-403B-8A4D-1B702D59DDF8}"
EndProject
Project("{FAE04EC0-301F-11D3-BF4B-00C04F79EFBC}") = "DataAccess", "DataAccess\DataAccess.csproj", "{8A8AF50B-22E4-4918-BE60-7D7071EEA2F0}"
EndProject
Project("{FAE04EC0-301F-11D3-BF4B-00C04F79EFBC}") = "Entities", "Entities\Entities.csproj", "{253C3E45-A487-48C2-B54B-72BC467816E0}"
EndProject
Project("{FAE04EC0-301F-11D3-BF4B-00C04F79EFBC}") = "ConsoleUI", "ConsoleUI\ConsoleUI.csproj", "{39E5CB4D-4EC8-408C-BD08-6E760535609E}"
EndProject
Global
	GlobalSection(SolutionConfigurationPlatforms) = preSolution
		Debug|Any CPU = Debug|Any CPU
		Release|Any CPU = Release|Any CPU
	EndGlobalSection
	GlobalSection(ProjectConfigurationPlatforms) = postSolution
		{E7E30EB1-98EF-403B-8A4D-1B702D59DDF8}.Debug|Any CPU.ActiveCfg = Debug|Any CPU
		{E7E30EB1-98EF-403B-8A4D-1B702D59DDF8}.Debug|Any CPU.Build.0 = Debug|Any CPU
		{E7E30EB1-98EF-403B-8A4D-1B702D59DDF8}.Release|Any CPU.ActiveCfg = Release|Any CPU
		{E7E30EB1-98EF-403B-8A4D-1B702D59DDF8}.Release|Any CPU.Build.0 = Release|Any CPU
		{8A8AF50B-22E4-4918-BE60-7D7071EEA2F0}.Debug|Any CPU.ActiveCfg = Debug|Any CPU
		{8A8AF50B-22E4-4918-BE60-7D7071EEA2F0}.Debug|Any CPU.Build.0 = Debug|Any CPU
		{8A8AF50B-22E4-4918-BE60-7D7071EEA2F0}.Release|Any CPU.ActiveCfg = Release|Any CPU
		{8A8AF50B-22E4-4918-BE60-7D7071EEA2F0}.Release|Any CPU.Build.0 = Release|Any CPU
		{253C3E45-A487-48C2-B54B-72BC467816E0}.Debug|Any CPU.ActiveCfg = Debug|Any CPU
		{253C3E45-A487-48C2-B54B-72BC467816E0}.Debug|Any CPU.Build.0 = Debug|Any CPU
		{253C3E45-A487-48C2-B54B-72BC467816E0}.Release|Any CPU.ActiveCfg = Release|Any CPU
		{253C3E45-A487-48C2-B54B-72BC467816E0}.Release|Any CPU.Build.0 = Release|Any CPU
		{39E5CB4D-4EC8-408C-BD08-6E760535609E}.Debug|Any CPU.ActiveCfg = Debug|Any CPU
		{39E5CB4D-4EC8-408C-BD08-6E760535609E}.Debug|Any CPU.Build.0 = Debug|Any CPU
		{39E5CB4D-4EC8-408C-BD08-6E760535609E}.Release|Any CPU.ActiveCfg = Release|Any CPU
		{39E5CB4D-4EC8-408C-BD08-6E760535609E}.Release|Any CPU.Build.0 = Release|Any CPU
	EndGlobalSection
	GlobalSection(SolutionProperties) = preSolution
		HideSolutionNode = FALSE
	EndGlobalSection
	GlobalSection(ExtensibilityGlobals) = postSolution
		SolutionGuid = {BE1E456E-F008-4F88-8FBB-65BF85253A5D}
	EndGlobalSection
EndGlobal
